
Microsoft Visual Studio Solution File, Format Version 12.00
# Visual Studio Version 16
VisualStudioVersion = 16.0.30128.74
MinimumVisualStudioVersion = 10.0.40219.1
Project("{9A19103F-16F7-4668-BE54-9A1E7A4F7556}") = "ElectricalEngineerTools.PL", "ElectricalEngineerTools.PL\ElectricalEngineerTools.PL.csproj", "{1E5B9DE2-97AD-4D95-BA97-7309908705B6}"
EndProject
Project("{9A19103F-16F7-4668-BE54-9A1E7A4F7556}") = "ElectricalEngineerTools.DAL", "ElectricalEngineerTools.DAL\ElectricalEngineerTools.DAL.csproj", "{4B6BBE0B-4C37-434A-9907-FEBEF5FD9072}"
EndProject
Global
	GlobalSection(SolutionConfigurationPlatforms) = preSolution
		Debug|Any CPU = Debug|Any CPU
		Release|Any CPU = Release|Any CPU
	EndGlobalSection
	GlobalSection(ProjectConfigurationPlatforms) = postSolution
		{1E5B9DE2-97AD-4D95-BA97-7309908705B6}.Debug|Any CPU.ActiveCfg = Debug|Any CPU
		{1E5B9DE2-97AD-4D95-BA97-7309908705B6}.Debug|Any CPU.Build.0 = Debug|Any CPU
		{1E5B9DE2-97AD-4D95-BA97-7309908705B6}.Release|Any CPU.ActiveCfg = Release|Any CPU
		{1E5B9DE2-97AD-4D95-BA97-7309908705B6}.Release|Any CPU.Build.0 = Release|Any CPU
		{4B6BBE0B-4C37-434A-9907-FEBEF5FD9072}.Debug|Any CPU.ActiveCfg = Debug|Any CPU
		{4B6BBE0B-4C37-434A-9907-FEBEF5FD9072}.Debug|Any CPU.Build.0 = Debug|Any CPU
		{4B6BBE0B-4C37-434A-9907-FEBEF5FD9072}.Release|Any CPU.ActiveCfg = Release|Any CPU
		{4B6BBE0B-4C37-434A-9907-FEBEF5FD9072}.Release|Any CPU.Build.0 = Release|Any CPU
	EndGlobalSection
	GlobalSection(SolutionProperties) = preSolution
		HideSolutionNode = FALSE
	EndGlobalSection
	GlobalSection(ExtensibilityGlobals) = postSolution
		SolutionGuid = {1CEC4B54-0500-4A94-8AF5-3D4BEE8D16E2}
	EndGlobalSection
EndGlobal
